
Microsoft Visual Studio Solution File, Format Version 12.00
# Visual Studio Version 16
VisualStudioVersion = 16.0.31410.357
MinimumVisualStudioVersion = 10.0.40219.1
Project("{FAE04EC0-301F-11D3-BF4B-00C04F79EFBC}") = "PsycastUpgradeFramework", "PsycastUpgradeFramework.csproj", "{6C118AAB-3B89-4DD7-B13B-7F775F8F24D8}"
EndProject
Global
	GlobalSection(SolutionConfigurationPlatforms) = preSolution
		Debug|Any CPU = Debug|Any CPU
		Release|Any CPU = Release|Any CPU
	EndGlobalSection
	GlobalSection(ProjectConfigurationPlatforms) = postSolution
		{6C118AAB-3B89-4DD7-B13B-7F775F8F24D8}.Debug|Any CPU.ActiveCfg = Debug|Any CPU
		{6C118AAB-3B89-4DD7-B13B-7F775F8F24D8}.Debug|Any CPU.Build.0 = Debug|Any CPU
		{6C118AAB-3B89-4DD7-B13B-7F775F8F24D8}.Release|Any CPU.ActiveCfg = Release|Any CPU
		{6C118AAB-3B89-4DD7-B13B-7F775F8F24D8}.Release|Any CPU.Build.0 = Release|Any CPU
	EndGlobalSection
	GlobalSection(SolutionProperties) = preSolution
		HideSolutionNode = FALSE
	EndGlobalSection
	GlobalSection(ExtensibilityGlobals) = postSolution
		SolutionGuid = {FD5CD914-4351-495A-89C8-04C8829A163E}
	EndGlobalSection
EndGlobal
